
Microsoft Visual Studio Solution File, Format Version 12.00
# Visual Studio Version 16
VisualStudioVersion = 16.0.31624.102
MinimumVisualStudioVersion = 10.0.40219.1
Project("{FAE04EC0-301F-11D3-BF4B-00C04F79EFBC}") = "GameOfLife2.0_Alpha", "GameOfLife2.0_Alpha\GameOfLife2.0_Alpha.csproj", "{30E6E814-3952-40E2-931C-229F327CD839}"
EndProject
Global
	GlobalSection(SolutionConfigurationPlatforms) = preSolution
		Debug|Any CPU = Debug|Any CPU
		Release|Any CPU = Release|Any CPU
	EndGlobalSection
	GlobalSection(ProjectConfigurationPlatforms) = postSolution
		{30E6E814-3952-40E2-931C-229F327CD839}.Debug|Any CPU.ActiveCfg = Debug|Any CPU
		{30E6E814-3952-40E2-931C-229F327CD839}.Debug|Any CPU.Build.0 = Debug|Any CPU
		{30E6E814-3952-40E2-931C-229F327CD839}.Release|Any CPU.ActiveCfg = Release|Any CPU
		{30E6E814-3952-40E2-931C-229F327CD839}.Release|Any CPU.Build.0 = Release|Any CPU
	EndGlobalSection
	GlobalSection(SolutionProperties) = preSolution
		HideSolutionNode = FALSE
	EndGlobalSection
	GlobalSection(ExtensibilityGlobals) = postSolution
		SolutionGuid = {137009EA-FD55-405B-8E93-AD2371200F72}
	EndGlobalSection
EndGlobal
